
Microsoft Visual Studio Solution File, Format Version 12.00
# Visual Studio 15
VisualStudioVersion = 15.0.26124.0
MinimumVisualStudioVersion = 15.0.26124.0
Project("{F2A71F9B-5D33-465A-A702-920D77279786}") = "FPublisher", "FPublisher\FPublisher.fsproj", "{831B2353-ADDF-40EA-874D-4D080F006FF3}"
EndProject
Global
	GlobalSection(SolutionConfigurationPlatforms) = preSolution
		Debug|Any CPU = Debug|Any CPU
		Debug|x64 = Debug|x64
		Debug|x86 = Debug|x86
		Release|Any CPU = Release|Any CPU
		Release|x64 = Release|x64
		Release|x86 = Release|x86
	EndGlobalSection
	GlobalSection(SolutionProperties) = preSolution
		HideSolutionNode = FALSE
	EndGlobalSection
	GlobalSection(ProjectConfigurationPlatforms) = postSolution
		{831B2353-ADDF-40EA-874D-4D080F006FF3}.Debug|Any CPU.ActiveCfg = Debug|Any CPU
		{831B2353-ADDF-40EA-874D-4D080F006FF3}.Debug|Any CPU.Build.0 = Debug|Any CPU
		{831B2353-ADDF-40EA-874D-4D080F006FF3}.Debug|x64.ActiveCfg = Debug|Any CPU
		{831B2353-ADDF-40EA-874D-4D080F006FF3}.Debug|x64.Build.0 = Debug|Any CPU
		{831B2353-ADDF-40EA-874D-4D080F006FF3}.Debug|x86.ActiveCfg = Debug|Any CPU
		{831B2353-ADDF-40EA-874D-4D080F006FF3}.Debug|x86.Build.0 = Debug|Any CPU
		{831B2353-ADDF-40EA-874D-4D080F006FF3}.Release|Any CPU.ActiveCfg = Release|Any CPU
		{831B2353-ADDF-40EA-874D-4D080F006FF3}.Release|Any CPU.Build.0 = Release|Any CPU
		{831B2353-ADDF-40EA-874D-4D080F006FF3}.Release|x64.ActiveCfg = Release|Any CPU
		{831B2353-ADDF-40EA-874D-4D080F006FF3}.Release|x64.Build.0 = Release|Any CPU
		{831B2353-ADDF-40EA-874D-4D080F006FF3}.Release|x86.ActiveCfg = Release|Any CPU
		{831B2353-ADDF-40EA-874D-4D080F006FF3}.Release|x86.Build.0 = Release|Any CPU
		{D60CB492-54CA-40EC-9D79-006758AB5A70}.Debug|Any CPU.ActiveCfg = Debug|Any CPU
		{D60CB492-54CA-40EC-9D79-006758AB5A70}.Debug|Any CPU.Build.0 = Debug|Any CPU
		{D60CB492-54CA-40EC-9D79-006758AB5A70}.Debug|x64.ActiveCfg = Debug|Any CPU
		{D60CB492-54CA-40EC-9D79-006758AB5A70}.Debug|x64.Build.0 = Debug|Any CPU
		{D60CB492-54CA-40EC-9D79-006758AB5A70}.Debug|x86.ActiveCfg = Debug|Any CPU
		{D60CB492-54CA-40EC-9D79-006758AB5A70}.Debug|x86.Build.0 = Debug|Any CPU
		{D60CB492-54CA-40EC-9D79-006758AB5A70}.Release|Any CPU.ActiveCfg = Release|Any CPU
		{D60CB492-54CA-40EC-9D79-006758AB5A70}.Release|Any CPU.Build.0 = Release|Any CPU
		{D60CB492-54CA-40EC-9D79-006758AB5A70}.Release|x64.ActiveCfg = Release|Any CPU
		{D60CB492-54CA-40EC-9D79-006758AB5A70}.Release|x64.Build.0 = Release|Any CPU
		{D60CB492-54CA-40EC-9D79-006758AB5A70}.Release|x86.ActiveCfg = Release|Any CPU
		{D60CB492-54CA-40EC-9D79-006758AB5A70}.Release|x86.Build.0 = Release|Any CPU
	EndGlobalSection
EndGlobal
