
Microsoft Visual Studio Solution File, Format Version 12.00
# Visual Studio Version 17
VisualStudioVersion = 17.6.33829.357
MinimumVisualStudioVersion = 15.0.26124.0
Project("{2150E333-8FDC-42A3-9474-1A3956D46DE8}") = "src", "src", "{2DEE046F-2A30-4ABB-AA88-58100B59EEF4}"
EndProject
Project("{6EC3EE1D-3C4E-46DD-8F32-0CC8E7565705}") = "FPublisher", "src\FPublisher\FPublisher.fsproj", "{CC8B7611-98DD-4813-99A3-B22C67EB1489}"
EndProject
Project("{6EC3EE1D-3C4E-46DD-8F32-0CC8E7565705}") = "FPublisher.Expecto", "src\FPublisher.Expecto\FPublisher.Expecto.fsproj", "{40AFB784-501D-49C6-9DE9-24E1755550CE}"
EndProject
Project("{2150E333-8FDC-42A3-9474-1A3956D46DE8}") = "tests", "tests", "{0A68DDFF-4616-409E-AA83-089DDA45E86C}"
EndProject
Project("{6EC3EE1D-3C4E-46DD-8F32-0CC8E7565705}") = "FPublisher.FakeTests.NUnit", "tests\FPublisher.FakeTests.NUnit\FPublisher.FakeTests.NUnit.fsproj", "{53FE0AD8-80C2-4E8A-8DB1-37158F18466D}"
EndProject
Project("{6EC3EE1D-3C4E-46DD-8F32-0CC8E7565705}") = "FPbulisher.FakerTests", "tests\FPbulisher.FakerTests.Expecto\FPbulisher.FakerTests.fsproj", "{14945C5B-2622-4979-8F0D-5CD5A46E4FDB}"
EndProject
Project("{6EC3EE1D-3C4E-46DD-8F32-0CC8E7565705}") = "FPublisher.Faker.Cli", "tests\FPublisher.Faker.Cli\FPublisher.Faker.Cli.fsproj", "{7590C809-EE2E-46AF-B28A-3C5BAA9C7027}"
EndProject
Project("{6EC3EE1D-3C4E-46DD-8F32-0CC8E7565705}") = "FPublisher.Cli", "src\FPublisher.Cli\FPublisher.Cli.fsproj", "{06A922C0-0496-4273-BA80-90D77ACD319D}"
EndProject
Project("{6EC3EE1D-3C4E-46DD-8F32-0CC8E7565705}") = "FPublisher.Fake.BuildOutputInPackage", "tests\FPublisher.Fake.BuildOutputInPackage\FPublisher.Fake.BuildOutputInPackage.fsproj", "{32B512B3-A280-4A10-BC62-0C5A3A91C899}"
EndProject
Project("{6EC3EE1D-3C4E-46DD-8F32-0CC8E7565705}") = "FPublisher.Faker.FullFrameWorkCli", "tests\FPublisher.Faker.FullFrameWorkCli\FPublisher.Faker.FullFrameWorkCli.fsproj", "{4CD06B33-9F0C-4D0F-B960-73EA34DFA1A3}"
EndProject
Project("{6EC3EE1D-3C4E-46DD-8F32-0CC8E7565705}") = "Fublisher.Faker.AspNetCoreWindowService", "tests\Fublisher.Faker.AspNetCoreWindowService\Fublisher.Faker.AspNetCoreWindowService.fsproj", "{CD5FECF0-AFA4-4828-8D9E-134C31545A43}"
EndProject
Project("{6EC3EE1D-3C4E-46DD-8F32-0CC8E7565705}") = "FPublisher.Utils.Cli", "src\FPublisher.Utils.Cli\FPublisher.Utils.Cli.fsproj", "{175618AF-E947-484F-AB26-DA726BF81B1F}"
EndProject
Project("{6EC3EE1D-3C4E-46DD-8F32-0CC8E7565705}") = "FPublisher.Types", "src\FPublisher.Types\FPublisher.Types.fsproj", "{A0944B8B-0D0D-49E4-B782-3CB768338DE0}"
EndProject
Global
	GlobalSection(SolutionConfigurationPlatforms) = preSolution
		Debug|Any CPU = Debug|Any CPU
		Debug|x64 = Debug|x64
		Debug|x86 = Debug|x86
		Release|Any CPU = Release|Any CPU
		Release|x64 = Release|x64
		Release|x86 = Release|x86
	EndGlobalSection
	GlobalSection(ProjectConfigurationPlatforms) = postSolution
		{CC8B7611-98DD-4813-99A3-B22C67EB1489}.Debug|Any CPU.ActiveCfg = Debug|Any CPU
		{CC8B7611-98DD-4813-99A3-B22C67EB1489}.Debug|Any CPU.Build.0 = Debug|Any CPU
		{CC8B7611-98DD-4813-99A3-B22C67EB1489}.Debug|x64.ActiveCfg = Debug|Any CPU
		{CC8B7611-98DD-4813-99A3-B22C67EB1489}.Debug|x64.Build.0 = Debug|Any CPU
		{CC8B7611-98DD-4813-99A3-B22C67EB1489}.Debug|x86.ActiveCfg = Debug|Any CPU
		{CC8B7611-98DD-4813-99A3-B22C67EB1489}.Debug|x86.Build.0 = Debug|Any CPU
		{CC8B7611-98DD-4813-99A3-B22C67EB1489}.Release|Any CPU.ActiveCfg = Release|Any CPU
		{CC8B7611-98DD-4813-99A3-B22C67EB1489}.Release|Any CPU.Build.0 = Release|Any CPU
		{CC8B7611-98DD-4813-99A3-B22C67EB1489}.Release|x64.ActiveCfg = Release|Any CPU
		{CC8B7611-98DD-4813-99A3-B22C67EB1489}.Release|x64.Build.0 = Release|Any CPU
		{CC8B7611-98DD-4813-99A3-B22C67EB1489}.Release|x86.ActiveCfg = Release|Any CPU
		{CC8B7611-98DD-4813-99A3-B22C67EB1489}.Release|x86.Build.0 = Release|Any CPU
		{40AFB784-501D-49C6-9DE9-24E1755550CE}.Debug|Any CPU.ActiveCfg = Debug|Any CPU
		{40AFB784-501D-49C6-9DE9-24E1755550CE}.Debug|Any CPU.Build.0 = Debug|Any CPU
		{40AFB784-501D-49C6-9DE9-24E1755550CE}.Debug|x64.ActiveCfg = Debug|Any CPU
		{40AFB784-501D-49C6-9DE9-24E1755550CE}.Debug|x64.Build.0 = Debug|Any CPU
		{40AFB784-501D-49C6-9DE9-24E1755550CE}.Debug|x86.ActiveCfg = Debug|Any CPU
		{40AFB784-501D-49C6-9DE9-24E1755550CE}.Debug|x86.Build.0 = Debug|Any CPU
		{40AFB784-501D-49C6-9DE9-24E1755550CE}.Release|Any CPU.ActiveCfg = Release|Any CPU
		{40AFB784-501D-49C6-9DE9-24E1755550CE}.Release|Any CPU.Build.0 = Release|Any CPU
		{40AFB784-501D-49C6-9DE9-24E1755550CE}.Release|x64.ActiveCfg = Release|Any CPU
		{40AFB784-501D-49C6-9DE9-24E1755550CE}.Release|x64.Build.0 = Release|Any CPU
		{40AFB784-501D-49C6-9DE9-24E1755550CE}.Release|x86.ActiveCfg = Release|Any CPU
		{40AFB784-501D-49C6-9DE9-24E1755550CE}.Release|x86.Build.0 = Release|Any CPU
		{53FE0AD8-80C2-4E8A-8DB1-37158F18466D}.Debug|Any CPU.ActiveCfg = Debug|Any CPU
		{53FE0AD8-80C2-4E8A-8DB1-37158F18466D}.Debug|Any CPU.Build.0 = Debug|Any CPU
		{53FE0AD8-80C2-4E8A-8DB1-37158F18466D}.Debug|x64.ActiveCfg = Debug|Any CPU
		{53FE0AD8-80C2-4E8A-8DB1-37158F18466D}.Debug|x64.Build.0 = Debug|Any CPU
		{53FE0AD8-80C2-4E8A-8DB1-37158F18466D}.Debug|x86.ActiveCfg = Debug|Any CPU
		{53FE0AD8-80C2-4E8A-8DB1-37158F18466D}.Debug|x86.Build.0 = Debug|Any CPU
		{53FE0AD8-80C2-4E8A-8DB1-37158F18466D}.Release|Any CPU.ActiveCfg = Release|Any CPU
		{53FE0AD8-80C2-4E8A-8DB1-37158F18466D}.Release|Any CPU.Build.0 = Release|Any CPU
		{53FE0AD8-80C2-4E8A-8DB1-37158F18466D}.Release|x64.ActiveCfg = Release|Any CPU
		{53FE0AD8-80C2-4E8A-8DB1-37158F18466D}.Release|x64.Build.0 = Release|Any CPU
		{53FE0AD8-80C2-4E8A-8DB1-37158F18466D}.Release|x86.ActiveCfg = Release|Any CPU
		{53FE0AD8-80C2-4E8A-8DB1-37158F18466D}.Release|x86.Build.0 = Release|Any CPU
		{14945C5B-2622-4979-8F0D-5CD5A46E4FDB}.Debug|Any CPU.ActiveCfg = Debug|Any CPU
		{14945C5B-2622-4979-8F0D-5CD5A46E4FDB}.Debug|Any CPU.Build.0 = Debug|Any CPU
		{14945C5B-2622-4979-8F0D-5CD5A46E4FDB}.Debug|x64.ActiveCfg = Debug|Any CPU
		{14945C5B-2622-4979-8F0D-5CD5A46E4FDB}.Debug|x64.Build.0 = Debug|Any CPU
		{14945C5B-2622-4979-8F0D-5CD5A46E4FDB}.Debug|x86.ActiveCfg = Debug|Any CPU
		{14945C5B-2622-4979-8F0D-5CD5A46E4FDB}.Debug|x86.Build.0 = Debug|Any CPU
		{14945C5B-2622-4979-8F0D-5CD5A46E4FDB}.Release|Any CPU.ActiveCfg = Release|Any CPU
		{14945C5B-2622-4979-8F0D-5CD5A46E4FDB}.Release|Any CPU.Build.0 = Release|Any CPU
		{14945C5B-2622-4979-8F0D-5CD5A46E4FDB}.Release|x64.ActiveCfg = Release|Any CPU
		{14945C5B-2622-4979-8F0D-5CD5A46E4FDB}.Release|x64.Build.0 = Release|Any CPU
		{14945C5B-2622-4979-8F0D-5CD5A46E4FDB}.Release|x86.ActiveCfg = Release|Any CPU
		{14945C5B-2622-4979-8F0D-5CD5A46E4FDB}.Release|x86.Build.0 = Release|Any CPU
		{7590C809-EE2E-46AF-B28A-3C5BAA9C7027}.Debug|Any CPU.ActiveCfg = Debug|Any CPU
		{7590C809-EE2E-46AF-B28A-3C5BAA9C7027}.Debug|Any CPU.Build.0 = Debug|Any CPU
		{7590C809-EE2E-46AF-B28A-3C5BAA9C7027}.Debug|x64.ActiveCfg = Debug|Any CPU
		{7590C809-EE2E-46AF-B28A-3C5BAA9C7027}.Debug|x64.Build.0 = Debug|Any CPU
		{7590C809-EE2E-46AF-B28A-3C5BAA9C7027}.Debug|x86.ActiveCfg = Debug|Any CPU
		{7590C809-EE2E-46AF-B28A-3C5BAA9C7027}.Debug|x86.Build.0 = Debug|Any CPU
		{7590C809-EE2E-46AF-B28A-3C5BAA9C7027}.Release|Any CPU.ActiveCfg = Release|Any CPU
		{7590C809-EE2E-46AF-B28A-3C5BAA9C7027}.Release|Any CPU.Build.0 = Release|Any CPU
		{7590C809-EE2E-46AF-B28A-3C5BAA9C7027}.Release|x64.ActiveCfg = Release|Any CPU
		{7590C809-EE2E-46AF-B28A-3C5BAA9C7027}.Release|x64.Build.0 = Release|Any CPU
		{7590C809-EE2E-46AF-B28A-3C5BAA9C7027}.Release|x86.ActiveCfg = Release|Any CPU
		{7590C809-EE2E-46AF-B28A-3C5BAA9C7027}.Release|x86.Build.0 = Release|Any CPU
		{06A922C0-0496-4273-BA80-90D77ACD319D}.Debug|Any CPU.ActiveCfg = Debug|Any CPU
		{06A922C0-0496-4273-BA80-90D77ACD319D}.Debug|Any CPU.Build.0 = Debug|Any CPU
		{06A922C0-0496-4273-BA80-90D77ACD319D}.Debug|x64.ActiveCfg = Debug|Any CPU
		{06A922C0-0496-4273-BA80-90D77ACD319D}.Debug|x64.Build.0 = Debug|Any CPU
		{06A922C0-0496-4273-BA80-90D77ACD319D}.Debug|x86.ActiveCfg = Debug|Any CPU
		{06A922C0-0496-4273-BA80-90D77ACD319D}.Debug|x86.Build.0 = Debug|Any CPU
		{06A922C0-0496-4273-BA80-90D77ACD319D}.Release|Any CPU.ActiveCfg = Release|Any CPU
		{06A922C0-0496-4273-BA80-90D77ACD319D}.Release|Any CPU.Build.0 = Release|Any CPU
		{06A922C0-0496-4273-BA80-90D77ACD319D}.Release|x64.ActiveCfg = Release|Any CPU
		{06A922C0-0496-4273-BA80-90D77ACD319D}.Release|x64.Build.0 = Release|Any CPU
		{06A922C0-0496-4273-BA80-90D77ACD319D}.Release|x86.ActiveCfg = Release|Any CPU
		{06A922C0-0496-4273-BA80-90D77ACD319D}.Release|x86.Build.0 = Release|Any CPU
		{32B512B3-A280-4A10-BC62-0C5A3A91C899}.Debug|Any CPU.ActiveCfg = Debug|Any CPU
		{32B512B3-A280-4A10-BC62-0C5A3A91C899}.Debug|Any CPU.Build.0 = Debug|Any CPU
		{32B512B3-A280-4A10-BC62-0C5A3A91C899}.Debug|x64.ActiveCfg = Debug|Any CPU
		{32B512B3-A280-4A10-BC62-0C5A3A91C899}.Debug|x64.Build.0 = Debug|Any CPU
		{32B512B3-A280-4A10-BC62-0C5A3A91C899}.Debug|x86.ActiveCfg = Debug|Any CPU
		{32B512B3-A280-4A10-BC62-0C5A3A91C899}.Debug|x86.Build.0 = Debug|Any CPU
		{32B512B3-A280-4A10-BC62-0C5A3A91C899}.Release|Any CPU.ActiveCfg = Release|Any CPU
		{32B512B3-A280-4A10-BC62-0C5A3A91C899}.Release|Any CPU.Build.0 = Release|Any CPU
		{32B512B3-A280-4A10-BC62-0C5A3A91C899}.Release|x64.ActiveCfg = Release|Any CPU
		{32B512B3-A280-4A10-BC62-0C5A3A91C899}.Release|x64.Build.0 = Release|Any CPU
		{32B512B3-A280-4A10-BC62-0C5A3A91C899}.Release|x86.ActiveCfg = Release|Any CPU
		{32B512B3-A280-4A10-BC62-0C5A3A91C899}.Release|x86.Build.0 = Release|Any CPU
		{4CD06B33-9F0C-4D0F-B960-73EA34DFA1A3}.Debug|Any CPU.ActiveCfg = Debug|Any CPU
		{4CD06B33-9F0C-4D0F-B960-73EA34DFA1A3}.Debug|Any CPU.Build.0 = Debug|Any CPU
		{4CD06B33-9F0C-4D0F-B960-73EA34DFA1A3}.Debug|x64.ActiveCfg = Debug|Any CPU
		{4CD06B33-9F0C-4D0F-B960-73EA34DFA1A3}.Debug|x64.Build.0 = Debug|Any CPU
		{4CD06B33-9F0C-4D0F-B960-73EA34DFA1A3}.Debug|x86.ActiveCfg = Debug|Any CPU
		{4CD06B33-9F0C-4D0F-B960-73EA34DFA1A3}.Debug|x86.Build.0 = Debug|Any CPU
		{4CD06B33-9F0C-4D0F-B960-73EA34DFA1A3}.Release|Any CPU.ActiveCfg = Release|Any CPU
		{4CD06B33-9F0C-4D0F-B960-73EA34DFA1A3}.Release|Any CPU.Build.0 = Release|Any CPU
		{4CD06B33-9F0C-4D0F-B960-73EA34DFA1A3}.Release|x64.ActiveCfg = Release|Any CPU
		{4CD06B33-9F0C-4D0F-B960-73EA34DFA1A3}.Release|x64.Build.0 = Release|Any CPU
		{4CD06B33-9F0C-4D0F-B960-73EA34DFA1A3}.Release|x86.ActiveCfg = Release|Any CPU
		{4CD06B33-9F0C-4D0F-B960-73EA34DFA1A3}.Release|x86.Build.0 = Release|Any CPU
		{CD5FECF0-AFA4-4828-8D9E-134C31545A43}.Debug|Any CPU.ActiveCfg = Debug|Any CPU
		{CD5FECF0-AFA4-4828-8D9E-134C31545A43}.Debug|Any CPU.Build.0 = Debug|Any CPU
		{CD5FECF0-AFA4-4828-8D9E-134C31545A43}.Debug|x64.ActiveCfg = Debug|Any CPU
		{CD5FECF0-AFA4-4828-8D9E-134C31545A43}.Debug|x64.Build.0 = Debug|Any CPU
		{CD5FECF0-AFA4-4828-8D9E-134C31545A43}.Debug|x86.ActiveCfg = Debug|Any CPU
		{CD5FECF0-AFA4-4828-8D9E-134C31545A43}.Debug|x86.Build.0 = Debug|Any CPU
		{CD5FECF0-AFA4-4828-8D9E-134C31545A43}.Release|Any CPU.ActiveCfg = Release|Any CPU
		{CD5FECF0-AFA4-4828-8D9E-134C31545A43}.Release|Any CPU.Build.0 = Release|Any CPU
		{CD5FECF0-AFA4-4828-8D9E-134C31545A43}.Release|x64.ActiveCfg = Release|Any CPU
		{CD5FECF0-AFA4-4828-8D9E-134C31545A43}.Release|x64.Build.0 = Release|Any CPU
		{CD5FECF0-AFA4-4828-8D9E-134C31545A43}.Release|x86.ActiveCfg = Release|Any CPU
		{CD5FECF0-AFA4-4828-8D9E-134C31545A43}.Release|x86.Build.0 = Release|Any CPU
		{175618AF-E947-484F-AB26-DA726BF81B1F}.Debug|Any CPU.ActiveCfg = Debug|Any CPU
		{175618AF-E947-484F-AB26-DA726BF81B1F}.Debug|Any CPU.Build.0 = Debug|Any CPU
		{175618AF-E947-484F-AB26-DA726BF81B1F}.Debug|x64.ActiveCfg = Debug|Any CPU
		{175618AF-E947-484F-AB26-DA726BF81B1F}.Debug|x64.Build.0 = Debug|Any CPU
		{175618AF-E947-484F-AB26-DA726BF81B1F}.Debug|x86.ActiveCfg = Debug|Any CPU
		{175618AF-E947-484F-AB26-DA726BF81B1F}.Debug|x86.Build.0 = Debug|Any CPU
		{175618AF-E947-484F-AB26-DA726BF81B1F}.Release|Any CPU.ActiveCfg = Release|Any CPU
		{175618AF-E947-484F-AB26-DA726BF81B1F}.Release|Any CPU.Build.0 = Release|Any CPU
		{175618AF-E947-484F-AB26-DA726BF81B1F}.Release|x64.ActiveCfg = Release|Any CPU
		{175618AF-E947-484F-AB26-DA726BF81B1F}.Release|x64.Build.0 = Release|Any CPU
		{175618AF-E947-484F-AB26-DA726BF81B1F}.Release|x86.ActiveCfg = Release|Any CPU
		{175618AF-E947-484F-AB26-DA726BF81B1F}.Release|x86.Build.0 = Release|Any CPU
		{A0944B8B-0D0D-49E4-B782-3CB768338DE0}.Debug|Any CPU.ActiveCfg = Debug|Any CPU
		{A0944B8B-0D0D-49E4-B782-3CB768338DE0}.Debug|Any CPU.Build.0 = Debug|Any CPU
		{A0944B8B-0D0D-49E4-B782-3CB768338DE0}.Debug|x64.ActiveCfg = Debug|Any CPU
		{A0944B8B-0D0D-49E4-B782-3CB768338DE0}.Debug|x64.Build.0 = Debug|Any CPU
		{A0944B8B-0D0D-49E4-B782-3CB768338DE0}.Debug|x86.ActiveCfg = Debug|Any CPU
		{A0944B8B-0D0D-49E4-B782-3CB768338DE0}.Debug|x86.Build.0 = Debug|Any CPU
		{A0944B8B-0D0D-49E4-B782-3CB768338DE0}.Release|Any CPU.ActiveCfg = Release|Any CPU
		{A0944B8B-0D0D-49E4-B782-3CB768338DE0}.Release|Any CPU.Build.0 = Release|Any CPU
		{A0944B8B-0D0D-49E4-B782-3CB768338DE0}.Release|x64.ActiveCfg = Release|Any CPU
		{A0944B8B-0D0D-49E4-B782-3CB768338DE0}.Release|x64.Build.0 = Release|Any CPU
		{A0944B8B-0D0D-49E4-B782-3CB768338DE0}.Release|x86.ActiveCfg = Release|Any CPU
		{A0944B8B-0D0D-49E4-B782-3CB768338DE0}.Release|x86.Build.0 = Release|Any CPU
	EndGlobalSection
	GlobalSection(SolutionProperties) = preSolution
		HideSolutionNode = FALSE
	EndGlobalSection
	GlobalSection(NestedProjects) = preSolution
		{CC8B7611-98DD-4813-99A3-B22C67EB1489} = {2DEE046F-2A30-4ABB-AA88-58100B59EEF4}
		{40AFB784-501D-49C6-9DE9-24E1755550CE} = {2DEE046F-2A30-4ABB-AA88-58100B59EEF4}
		{53FE0AD8-80C2-4E8A-8DB1-37158F18466D} = {0A68DDFF-4616-409E-AA83-089DDA45E86C}
		{14945C5B-2622-4979-8F0D-5CD5A46E4FDB} = {0A68DDFF-4616-409E-AA83-089DDA45E86C}
		{7590C809-EE2E-46AF-B28A-3C5BAA9C7027} = {0A68DDFF-4616-409E-AA83-089DDA45E86C}
		{06A922C0-0496-4273-BA80-90D77ACD319D} = {2DEE046F-2A30-4ABB-AA88-58100B59EEF4}
		{32B512B3-A280-4A10-BC62-0C5A3A91C899} = {0A68DDFF-4616-409E-AA83-089DDA45E86C}
		{4CD06B33-9F0C-4D0F-B960-73EA34DFA1A3} = {0A68DDFF-4616-409E-AA83-089DDA45E86C}
		{CD5FECF0-AFA4-4828-8D9E-134C31545A43} = {0A68DDFF-4616-409E-AA83-089DDA45E86C}
		{175618AF-E947-484F-AB26-DA726BF81B1F} = {2DEE046F-2A30-4ABB-AA88-58100B59EEF4}
		{A0944B8B-0D0D-49E4-B782-3CB768338DE0} = {2DEE046F-2A30-4ABB-AA88-58100B59EEF4}
	EndGlobalSection
	GlobalSection(ExtensibilityGlobals) = postSolution
		SolutionGuid = {58D701E1-F92A-4BA0-9CB0-D8447FDC447D}
	EndGlobalSection
EndGlobal
