
Microsoft Visual Studio Solution File, Format Version 12.00
# Visual Studio 15
VisualStudioVersion = 15.0.26124.0
MinimumVisualStudioVersion = 15.0.26124.0
Project("{2150E333-8FDC-42A3-9474-1A3956D46DE8}") = "src", "src", "{2DEE046F-2A30-4ABB-AA88-58100B59EEF4}"
EndProject
Project("{F2A71F9B-5D33-465A-A702-920D77279786}") = "FPublisher", "src\FPublisher\FPublisher.fsproj", "{CC8B7611-98DD-4813-99A3-B22C67EB1489}"
EndProject
Project("{F2A71F9B-5D33-465A-A702-920D77279786}") = "FPublisher.Expecto", "src\FPublisher.Expecto\FPublisher.Expecto.fsproj", "{40AFB784-501D-49C6-9DE9-24E1755550CE}"
EndProject
Project("{2150E333-8FDC-42A3-9474-1A3956D46DE8}") = "tests", "tests", "{0A68DDFF-4616-409E-AA83-089DDA45E86C}"
EndProject
Project("{F2A71F9B-5D33-465A-A702-920D77279786}") = "FPbulisher.FakerTests", "tests\FPbulisher.FakerTests\FPbulisher.FakerTests.fsproj", "{BBB01BF6-B913-4585-AFEE-798173F15245}"
EndProject
Global
	GlobalSection(SolutionConfigurationPlatforms) = preSolution
		Debug|Any CPU = Debug|Any CPU
		Debug|x64 = Debug|x64
		Debug|x86 = Debug|x86
		Release|Any CPU = Release|Any CPU
		Release|x64 = Release|x64
		Release|x86 = Release|x86
	EndGlobalSection
	GlobalSection(SolutionProperties) = preSolution
		HideSolutionNode = FALSE
	EndGlobalSection
	GlobalSection(ProjectConfigurationPlatforms) = postSolution
		{CC8B7611-98DD-4813-99A3-B22C67EB1489}.Debug|Any CPU.ActiveCfg = Debug|Any CPU
		{CC8B7611-98DD-4813-99A3-B22C67EB1489}.Debug|Any CPU.Build.0 = Debug|Any CPU
		{CC8B7611-98DD-4813-99A3-B22C67EB1489}.Debug|x64.ActiveCfg = Debug|Any CPU
		{CC8B7611-98DD-4813-99A3-B22C67EB1489}.Debug|x64.Build.0 = Debug|Any CPU
		{CC8B7611-98DD-4813-99A3-B22C67EB1489}.Debug|x86.ActiveCfg = Debug|Any CPU
		{CC8B7611-98DD-4813-99A3-B22C67EB1489}.Debug|x86.Build.0 = Debug|Any CPU
		{CC8B7611-98DD-4813-99A3-B22C67EB1489}.Release|Any CPU.ActiveCfg = Release|Any CPU
		{CC8B7611-98DD-4813-99A3-B22C67EB1489}.Release|Any CPU.Build.0 = Release|Any CPU
		{CC8B7611-98DD-4813-99A3-B22C67EB1489}.Release|x64.ActiveCfg = Release|Any CPU
		{CC8B7611-98DD-4813-99A3-B22C67EB1489}.Release|x64.Build.0 = Release|Any CPU
		{CC8B7611-98DD-4813-99A3-B22C67EB1489}.Release|x86.ActiveCfg = Release|Any CPU
		{CC8B7611-98DD-4813-99A3-B22C67EB1489}.Release|x86.Build.0 = Release|Any CPU
		{40AFB784-501D-49C6-9DE9-24E1755550CE}.Debug|Any CPU.ActiveCfg = Debug|Any CPU
		{40AFB784-501D-49C6-9DE9-24E1755550CE}.Debug|Any CPU.Build.0 = Debug|Any CPU
		{40AFB784-501D-49C6-9DE9-24E1755550CE}.Debug|x64.ActiveCfg = Debug|Any CPU
		{40AFB784-501D-49C6-9DE9-24E1755550CE}.Debug|x64.Build.0 = Debug|Any CPU
		{40AFB784-501D-49C6-9DE9-24E1755550CE}.Debug|x86.ActiveCfg = Debug|Any CPU
		{40AFB784-501D-49C6-9DE9-24E1755550CE}.Debug|x86.Build.0 = Debug|Any CPU
		{40AFB784-501D-49C6-9DE9-24E1755550CE}.Release|Any CPU.ActiveCfg = Release|Any CPU
		{40AFB784-501D-49C6-9DE9-24E1755550CE}.Release|Any CPU.Build.0 = Release|Any CPU
		{40AFB784-501D-49C6-9DE9-24E1755550CE}.Release|x64.ActiveCfg = Release|Any CPU
		{40AFB784-501D-49C6-9DE9-24E1755550CE}.Release|x64.Build.0 = Release|Any CPU
		{40AFB784-501D-49C6-9DE9-24E1755550CE}.Release|x86.ActiveCfg = Release|Any CPU
		{40AFB784-501D-49C6-9DE9-24E1755550CE}.Release|x86.Build.0 = Release|Any CPU
		{BBB01BF6-B913-4585-AFEE-798173F15245}.Debug|Any CPU.ActiveCfg = Debug|Any CPU
		{BBB01BF6-B913-4585-AFEE-798173F15245}.Debug|Any CPU.Build.0 = Debug|Any CPU
		{BBB01BF6-B913-4585-AFEE-798173F15245}.Debug|x64.ActiveCfg = Debug|Any CPU
		{BBB01BF6-B913-4585-AFEE-798173F15245}.Debug|x64.Build.0 = Debug|Any CPU
		{BBB01BF6-B913-4585-AFEE-798173F15245}.Debug|x86.ActiveCfg = Debug|Any CPU
		{BBB01BF6-B913-4585-AFEE-798173F15245}.Debug|x86.Build.0 = Debug|Any CPU
		{BBB01BF6-B913-4585-AFEE-798173F15245}.Release|Any CPU.ActiveCfg = Release|Any CPU
		{BBB01BF6-B913-4585-AFEE-798173F15245}.Release|Any CPU.Build.0 = Release|Any CPU
		{BBB01BF6-B913-4585-AFEE-798173F15245}.Release|x64.ActiveCfg = Release|Any CPU
		{BBB01BF6-B913-4585-AFEE-798173F15245}.Release|x64.Build.0 = Release|Any CPU
		{BBB01BF6-B913-4585-AFEE-798173F15245}.Release|x86.ActiveCfg = Release|Any CPU
		{BBB01BF6-B913-4585-AFEE-798173F15245}.Release|x86.Build.0 = Release|Any CPU

	EndGlobalSection
	GlobalSection(NestedProjects) = preSolution
		{CC8B7611-98DD-4813-99A3-B22C67EB1489} = {2DEE046F-2A30-4ABB-AA88-58100B59EEF4}
		{40AFB784-501D-49C6-9DE9-24E1755550CE} = {2DEE046F-2A30-4ABB-AA88-58100B59EEF4}
		{BBB01BF6-B913-4585-AFEE-798173F15245} = {0A68DDFF-4616-409E-AA83-089DDA45E86C}
	EndGlobalSection
EndGlobal
