
Microsoft Visual Studio Solution File, Format Version 12.00
# Visual Studio 15
VisualStudioVersion = 15.0.26124.0
MinimumVisualStudioVersion = 15.0.26124.0
Project("{F2A71F9B-5D33-465A-A702-920D77279786}") = "FPublisher", "src\FPublisher\FPublisher.fsproj", "{6B1C080C-862B-4A28-90C8-30BE68527F11}"
EndProject
Global
	GlobalSection(SolutionConfigurationPlatforms) = preSolution
		Debug|Any CPU = Debug|Any CPU
		Debug|x64 = Debug|x64
		Debug|x86 = Debug|x86
		Release|Any CPU = Release|Any CPU
		Release|x64 = Release|x64
		Release|x86 = Release|x86
	EndGlobalSection
	GlobalSection(SolutionProperties) = preSolution
		HideSolutionNode = FALSE
	EndGlobalSection
	GlobalSection(ProjectConfigurationPlatforms) = postSolution
		{6B1C080C-862B-4A28-90C8-30BE68527F11}.Debug|Any CPU.ActiveCfg = Debug|Any CPU
		{6B1C080C-862B-4A28-90C8-30BE68527F11}.Debug|Any CPU.Build.0 = Debug|Any CPU
		{6B1C080C-862B-4A28-90C8-30BE68527F11}.Debug|x64.ActiveCfg = Debug|Any CPU
		{6B1C080C-862B-4A28-90C8-30BE68527F11}.Debug|x64.Build.0 = Debug|Any CPU
		{6B1C080C-862B-4A28-90C8-30BE68527F11}.Debug|x86.ActiveCfg = Debug|Any CPU
		{6B1C080C-862B-4A28-90C8-30BE68527F11}.Debug|x86.Build.0 = Debug|Any CPU
		{6B1C080C-862B-4A28-90C8-30BE68527F11}.Release|Any CPU.ActiveCfg = Release|Any CPU
		{6B1C080C-862B-4A28-90C8-30BE68527F11}.Release|Any CPU.Build.0 = Release|Any CPU
		{6B1C080C-862B-4A28-90C8-30BE68527F11}.Release|x64.ActiveCfg = Release|Any CPU
		{6B1C080C-862B-4A28-90C8-30BE68527F11}.Release|x64.Build.0 = Release|Any CPU
		{6B1C080C-862B-4A28-90C8-30BE68527F11}.Release|x86.ActiveCfg = Release|Any CPU
		{6B1C080C-862B-4A28-90C8-30BE68527F11}.Release|x86.Build.0 = Release|Any CPU
		{9A0477A3-10E1-4116-B645-2577B83E02DD}.Debug|Any CPU.ActiveCfg = Debug|Any CPU
		{9A0477A3-10E1-4116-B645-2577B83E02DD}.Debug|Any CPU.Build.0 = Debug|Any CPU
		{9A0477A3-10E1-4116-B645-2577B83E02DD}.Debug|x64.ActiveCfg = Debug|Any CPU
		{9A0477A3-10E1-4116-B645-2577B83E02DD}.Debug|x64.Build.0 = Debug|Any CPU
		{9A0477A3-10E1-4116-B645-2577B83E02DD}.Debug|x86.ActiveCfg = Debug|Any CPU
		{9A0477A3-10E1-4116-B645-2577B83E02DD}.Debug|x86.Build.0 = Debug|Any CPU
		{9A0477A3-10E1-4116-B645-2577B83E02DD}.Release|Any CPU.ActiveCfg = Release|Any CPU
		{9A0477A3-10E1-4116-B645-2577B83E02DD}.Release|Any CPU.Build.0 = Release|Any CPU
		{9A0477A3-10E1-4116-B645-2577B83E02DD}.Release|x64.ActiveCfg = Release|Any CPU
		{9A0477A3-10E1-4116-B645-2577B83E02DD}.Release|x64.Build.0 = Release|Any CPU
		{9A0477A3-10E1-4116-B645-2577B83E02DD}.Release|x86.ActiveCfg = Release|Any CPU
		{9A0477A3-10E1-4116-B645-2577B83E02DD}.Release|x86.Build.0 = Release|Any CPU
		{DF391E7C-04C4-42DC-9BEA-7F5378F57274}.Debug|Any CPU.ActiveCfg = Debug|Any CPU
		{DF391E7C-04C4-42DC-9BEA-7F5378F57274}.Debug|Any CPU.Build.0 = Debug|Any CPU
		{DF391E7C-04C4-42DC-9BEA-7F5378F57274}.Debug|x64.ActiveCfg = Debug|Any CPU
		{DF391E7C-04C4-42DC-9BEA-7F5378F57274}.Debug|x64.Build.0 = Debug|Any CPU
		{DF391E7C-04C4-42DC-9BEA-7F5378F57274}.Debug|x86.ActiveCfg = Debug|Any CPU
		{DF391E7C-04C4-42DC-9BEA-7F5378F57274}.Debug|x86.Build.0 = Debug|Any CPU
		{DF391E7C-04C4-42DC-9BEA-7F5378F57274}.Release|Any CPU.ActiveCfg = Release|Any CPU
		{DF391E7C-04C4-42DC-9BEA-7F5378F57274}.Release|Any CPU.Build.0 = Release|Any CPU
		{DF391E7C-04C4-42DC-9BEA-7F5378F57274}.Release|x64.ActiveCfg = Release|Any CPU
		{DF391E7C-04C4-42DC-9BEA-7F5378F57274}.Release|x64.Build.0 = Release|Any CPU
		{DF391E7C-04C4-42DC-9BEA-7F5378F57274}.Release|x86.ActiveCfg = Release|Any CPU
		{DF391E7C-04C4-42DC-9BEA-7F5378F57274}.Release|x86.Build.0 = Release|Any CPU
		{715C269E-1E88-42CF-84BE-2F21B8303705}.Debug|Any CPU.ActiveCfg = Debug|Any CPU
		{715C269E-1E88-42CF-84BE-2F21B8303705}.Debug|Any CPU.Build.0 = Debug|Any CPU
		{715C269E-1E88-42CF-84BE-2F21B8303705}.Debug|x64.ActiveCfg = Debug|Any CPU
		{715C269E-1E88-42CF-84BE-2F21B8303705}.Debug|x64.Build.0 = Debug|Any CPU
		{715C269E-1E88-42CF-84BE-2F21B8303705}.Debug|x86.ActiveCfg = Debug|Any CPU
		{715C269E-1E88-42CF-84BE-2F21B8303705}.Debug|x86.Build.0 = Debug|Any CPU
		{715C269E-1E88-42CF-84BE-2F21B8303705}.Release|Any CPU.ActiveCfg = Release|Any CPU
		{715C269E-1E88-42CF-84BE-2F21B8303705}.Release|Any CPU.Build.0 = Release|Any CPU
		{715C269E-1E88-42CF-84BE-2F21B8303705}.Release|x64.ActiveCfg = Release|Any CPU
		{715C269E-1E88-42CF-84BE-2F21B8303705}.Release|x64.Build.0 = Release|Any CPU
		{715C269E-1E88-42CF-84BE-2F21B8303705}.Release|x86.ActiveCfg = Release|Any CPU
		{715C269E-1E88-42CF-84BE-2F21B8303705}.Release|x86.Build.0 = Release|Any CPU
		{37E10CED-43DC-4BBB-A264-91A760BA553A}.Debug|Any CPU.ActiveCfg = Debug|Any CPU
		{37E10CED-43DC-4BBB-A264-91A760BA553A}.Debug|Any CPU.Build.0 = Debug|Any CPU
		{37E10CED-43DC-4BBB-A264-91A760BA553A}.Debug|x64.ActiveCfg = Debug|Any CPU
		{37E10CED-43DC-4BBB-A264-91A760BA553A}.Debug|x64.Build.0 = Debug|Any CPU
		{37E10CED-43DC-4BBB-A264-91A760BA553A}.Debug|x86.ActiveCfg = Debug|Any CPU
		{37E10CED-43DC-4BBB-A264-91A760BA553A}.Debug|x86.Build.0 = Debug|Any CPU
		{37E10CED-43DC-4BBB-A264-91A760BA553A}.Release|Any CPU.ActiveCfg = Release|Any CPU
		{37E10CED-43DC-4BBB-A264-91A760BA553A}.Release|Any CPU.Build.0 = Release|Any CPU
		{37E10CED-43DC-4BBB-A264-91A760BA553A}.Release|x64.ActiveCfg = Release|Any CPU
		{37E10CED-43DC-4BBB-A264-91A760BA553A}.Release|x64.Build.0 = Release|Any CPU
		{37E10CED-43DC-4BBB-A264-91A760BA553A}.Release|x86.ActiveCfg = Release|Any CPU
		{37E10CED-43DC-4BBB-A264-91A760BA553A}.Release|x86.Build.0 = Release|Any CPU
	EndGlobalSection

EndGlobal
